
Microsoft Visual Studio Solution File, Format Version 12.00
# Visual Studio Version 16
VisualStudioVersion = 16.0.31112.23
MinimumVisualStudioVersion = 10.0.40219.1
Project("{FAE04EC0-301F-11D3-BF4B-00C04F79EFBC}") = "WPF intro . XAML", "WPF intro . XAML\WPF intro . XAML.csproj", "{9040721B-48C4-48EC-A7F4-D56E2843DFAD}"
EndProject
Global
	GlobalSection(SolutionConfigurationPlatforms) = preSolution
		Debug|Any CPU = Debug|Any CPU
		Release|Any CPU = Release|Any CPU
	EndGlobalSection
	GlobalSection(ProjectConfigurationPlatforms) = postSolution
		{9040721B-48C4-48EC-A7F4-D56E2843DFAD}.Debug|Any CPU.ActiveCfg = Debug|Any CPU
		{9040721B-48C4-48EC-A7F4-D56E2843DFAD}.Debug|Any CPU.Build.0 = Debug|Any CPU
		{9040721B-48C4-48EC-A7F4-D56E2843DFAD}.Release|Any CPU.ActiveCfg = Release|Any CPU
		{9040721B-48C4-48EC-A7F4-D56E2843DFAD}.Release|Any CPU.Build.0 = Release|Any CPU
	EndGlobalSection
	GlobalSection(SolutionProperties) = preSolution
		HideSolutionNode = FALSE
	EndGlobalSection
	GlobalSection(ExtensibilityGlobals) = postSolution
		SolutionGuid = {D63EB98D-4273-4107-83AB-EB460C9BA7A0}
	EndGlobalSection
EndGlobal
